
Microsoft Visual Studio Solution File, Format Version 12.00
# Visual Studio Version 17
VisualStudioVersion = 17.3.32819.101
MinimumVisualStudioVersion = 10.0.40219.1
Project("{FAE04EC0-301F-11D3-BF4B-00C04F79EFBC}") = "MenuAutoFill", "MenuAutoFill\MenuAutoFill.csproj", "{402E467E-1656-4DD9-B368-292C4A44CE3F}"
EndProject
Global
	GlobalSection(SolutionConfigurationPlatforms) = preSolution
		Debug|Any CPU = Debug|Any CPU
		Release|Any CPU = Release|Any CPU
	EndGlobalSection
	GlobalSection(ProjectConfigurationPlatforms) = postSolution
		{402E467E-1656-4DD9-B368-292C4A44CE3F}.Debug|Any CPU.ActiveCfg = Debug|Any CPU
		{402E467E-1656-4DD9-B368-292C4A44CE3F}.Debug|Any CPU.Build.0 = Debug|Any CPU
		{402E467E-1656-4DD9-B368-292C4A44CE3F}.Release|Any CPU.ActiveCfg = Release|Any CPU
		{402E467E-1656-4DD9-B368-292C4A44CE3F}.Release|Any CPU.Build.0 = Release|Any CPU
	EndGlobalSection
	GlobalSection(SolutionProperties) = preSolution
		HideSolutionNode = FALSE
	EndGlobalSection
	GlobalSection(ExtensibilityGlobals) = postSolution
		SolutionGuid = {29D45084-B2B0-49B2-B0B8-EC72985D8C2C}
	EndGlobalSection
EndGlobal
